
Microsoft Visual Studio Solution File, Format Version 12.00
# Visual Studio Version 17
VisualStudioVersion = 17.13.35825.156 d17.13
MinimumVisualStudioVersion = 10.0.40219.1
Project("{FAE04EC0-301F-11D3-BF4B-00C04F79EFBC}") = "ConsoleApp2", "ConsoleApp2\ConsoleApp2.csproj", "{B5BAFB8E-17B5-41A3-A1A9-48378CC7DBFF}"
EndProject
Global
	GlobalSection(SolutionConfigurationPlatforms) = preSolution
		Debug|Any CPU = Debug|Any CPU
		Release|Any CPU = Release|Any CPU
	EndGlobalSection
	GlobalSection(ProjectConfigurationPlatforms) = postSolution
		{B5BAFB8E-17B5-41A3-A1A9-48378CC7DBFF}.Debug|Any CPU.ActiveCfg = Debug|Any CPU
		{B5BAFB8E-17B5-41A3-A1A9-48378CC7DBFF}.Debug|Any CPU.Build.0 = Debug|Any CPU
		{B5BAFB8E-17B5-41A3-A1A9-48378CC7DBFF}.Release|Any CPU.ActiveCfg = Release|Any CPU
		{B5BAFB8E-17B5-41A3-A1A9-48378CC7DBFF}.Release|Any CPU.Build.0 = Release|Any CPU
	EndGlobalSection
	GlobalSection(SolutionProperties) = preSolution
		HideSolutionNode = FALSE
	EndGlobalSection
	GlobalSection(ExtensibilityGlobals) = postSolution
		SolutionGuid = {C0EDCF9A-1F17-4285-AFE9-538F9EA0D4A3}
	EndGlobalSection
EndGlobal
