
Microsoft Visual Studio Solution File, Format Version 12.00
# Visual Studio Version 17
VisualStudioVersion = 17.14.36623.8 d17.14
MinimumVisualStudioVersion = 10.0.40219.1
Project("{FAE04EC0-301F-11D3-BF4B-00C04F79EFBC}") = "LR2", "LR2\LR2.csproj", "{85054546-7C6D-4139-9854-5729404ECEDF}"
EndProject
Global
	GlobalSection(SolutionConfigurationPlatforms) = preSolution
		Debug|Any CPU = Debug|Any CPU
		Release|Any CPU = Release|Any CPU
	EndGlobalSection
	GlobalSection(ProjectConfigurationPlatforms) = postSolution
		{85054546-7C6D-4139-9854-5729404ECEDF}.Debug|Any CPU.ActiveCfg = Debug|Any CPU
		{85054546-7C6D-4139-9854-5729404ECEDF}.Debug|Any CPU.Build.0 = Debug|Any CPU
		{85054546-7C6D-4139-9854-5729404ECEDF}.Release|Any CPU.ActiveCfg = Release|Any CPU
		{85054546-7C6D-4139-9854-5729404ECEDF}.Release|Any CPU.Build.0 = Release|Any CPU
	EndGlobalSection
	GlobalSection(SolutionProperties) = preSolution
		HideSolutionNode = FALSE
	EndGlobalSection
	GlobalSection(ExtensibilityGlobals) = postSolution
		SolutionGuid = {FE06A8E5-9A36-4FFC-907B-5A9319457B1C}
	EndGlobalSection
EndGlobal
