
Microsoft Visual Studio Solution File, Format Version 12.00
# Visual Studio Version 17
VisualStudioVersion = 17.13.35825.156 d17.13
MinimumVisualStudioVersion = 10.0.40219.1
Project("{FAE04EC0-301F-11D3-BF4B-00C04F79EFBC}") = "ConsoleApp6", "ConsoleApp6\ConsoleApp6.csproj", "{5B5AB6A9-1E45-4A6F-A541-BC1729445B59}"
EndProject
Global
	GlobalSection(SolutionConfigurationPlatforms) = preSolution
		Debug|Any CPU = Debug|Any CPU
		Release|Any CPU = Release|Any CPU
	EndGlobalSection
	GlobalSection(ProjectConfigurationPlatforms) = postSolution
		{5B5AB6A9-1E45-4A6F-A541-BC1729445B59}.Debug|Any CPU.ActiveCfg = Debug|Any CPU
		{5B5AB6A9-1E45-4A6F-A541-BC1729445B59}.Debug|Any CPU.Build.0 = Debug|Any CPU
		{5B5AB6A9-1E45-4A6F-A541-BC1729445B59}.Release|Any CPU.ActiveCfg = Release|Any CPU
		{5B5AB6A9-1E45-4A6F-A541-BC1729445B59}.Release|Any CPU.Build.0 = Release|Any CPU
	EndGlobalSection
	GlobalSection(SolutionProperties) = preSolution
		HideSolutionNode = FALSE
	EndGlobalSection
	GlobalSection(ExtensibilityGlobals) = postSolution
		SolutionGuid = {66AD856D-8092-47E5-B2E9-97BD96AA3558}
	EndGlobalSection
EndGlobal
